
Microsoft Visual Studio Solution File, Format Version 12.00
# Visual Studio Version 17
VisualStudioVersion = 17.4.33403.182
MinimumVisualStudioVersion = 10.0.40219.1
Project("{FAE04EC0-301F-11D3-BF4B-00C04F79EFBC}") = "SoftUni", "SoftUni\SoftUni.csproj", "{468DB30F-BCD6-40C0-89C6-24A419D087DA}"
EndProject
Global
	GlobalSection(SolutionConfigurationPlatforms) = preSolution
		Debug|Any CPU = Debug|Any CPU
		Release|Any CPU = Release|Any CPU
	EndGlobalSection
	GlobalSection(ProjectConfigurationPlatforms) = postSolution
		{468DB30F-BCD6-40C0-89C6-24A419D087DA}.Debug|Any CPU.ActiveCfg = Debug|Any CPU
		{468DB30F-BCD6-40C0-89C6-24A419D087DA}.Debug|Any CPU.Build.0 = Debug|Any CPU
		{468DB30F-BCD6-40C0-89C6-24A419D087DA}.Release|Any CPU.ActiveCfg = Release|Any CPU
		{468DB30F-BCD6-40C0-89C6-24A419D087DA}.Release|Any CPU.Build.0 = Release|Any CPU
	EndGlobalSection
	GlobalSection(SolutionProperties) = preSolution
		HideSolutionNode = FALSE
	EndGlobalSection
	GlobalSection(ExtensibilityGlobals) = postSolution
		SolutionGuid = {FFFF4A5D-7E2D-4088-8112-CC3F0F545B72}
	EndGlobalSection
EndGlobal
